// !$*UTF8*$!
{
	archiveVersion = 1;
	classes = {
	};
	objectVersion = 50;
	objects = {

/* Begin PBXBuildFile section */
		33887840241F038700266BFB /* AppDelegate.m in Sources */ = {isa = PBXBuildFile; fileRef = 3388783F241F038700266BFB /* AppDelegate.m */; };
		33887843241F038700266BFB /* SceneDelegate.m in Sources */ = {isa = PBXBuildFile; fileRef = 33887842241F038700266BFB /* SceneDelegate.m */; };
		33887846241F038700266BFB /* ViewController.m in Sources */ = {isa = PBXBuildFile; fileRef = 33887845241F038700266BFB /* ViewController.m */; };
		33887849241F038700266BFB /* Main.storyboard in Resources */ = {isa = PBXBuildFile; fileRef = 33887847241F038700266BFB /* Main.storyboard */; };
		3388784B241F038A00266BFB /* Assets.xcassets in Resources */ = {isa = PBXBuildFile; fileRef = 3388784A241F038A00266BFB /* Assets.xcassets */; };
		3388784E241F038A00266BFB /* LaunchScreen.storyboard in Resources */ = {isa = PBXBuildFile; fileRef = 3388784C241F038A00266BFB /* LaunchScreen.storyboard */; };
		33887851241F038A00266BFB /* main.m in Sources */ = {isa = PBXBuildFile; fileRef = 33887850241F038A00266BFB /* main.m */; };
		3388785A241F048F00266BFB /* AViewController.m in Sources */ = {isa = PBXBuildFile; fileRef = 33887858241F048F00266BFB /* AViewController.m */; };
/* End PBXBuildFile section */

/* Begin PBXFileReference section */
		3388783B241F038700266BFB /* A_section.app */ = {isa = PBXFileReference; explicitFileType = wrapper.application; includeInIndex = 0; path = A_section.app; sourceTree = BUILT_PRODUCTS_DIR; };
		3388783E241F038700266BFB /* AppDelegate.h */ = {isa = PBXFileReference; lastKnownFileType = sourcecode.c.h; path = AppDelegate.h; sourceTree = "<group>"; };
		3388783F241F038700266BFB /* AppDelegate.m */ = {isa = PBXFileReference; lastKnownFileType = sourcecode.c.objc; path = AppDelegate.m; sourceTree = "<group>"; };
		33887841241F038700266BFB /* SceneDelegate.h */ = {isa = PBXFileReference; lastKnownFileType = sourcecode.c.h; path = SceneDelegate.h; sourceTree = "<group>"; };
		33887842241F038700266BFB /* SceneDelegate.m */ = {isa = PBXFileReference; lastKnownFileType = sourcecode.c.objc; path = SceneDelegate.m; sourceTree = "<group>"; };
		33887844241F038700266BFB /* ViewController.h */ = {isa = PBXFileReference; lastKnownFileType = sourcecode.c.h; path = ViewController.h; sourceTree = "<group>"; };
		33887845241F038700266BFB /* ViewController.m */ = {isa = PBXFileReference; lastKnownFileType = sourcecode.c.objc; path = ViewController.m; sourceTree = "<group>"; };
		33887848241F038700266BFB /* Base */ = {isa = PBXFileReference; lastKnownFileType = file.storyboard; name = Base; path = Base.lproj/Main.storyboard; sourceTree = "<group>"; };
		3388784A241F038A00266BFB /* Assets.xcassets */ = {isa = PBXFileReference; lastKnownFileType = folder.assetcatalog; path = Assets.xcassets; sourceTree = "<group>"; };
		3388784D241F038A00266BFB /* Base */ = {isa = PBXFileReference; lastKnownFileType = file.storyboard; name = Base; path = Base.lproj/LaunchScreen.storyboard; sourceTree = "<group>"; };
		3388784F241F038A00266BFB /* Info.plist */ = {isa = PBXFileReference; lastKnownFileType = text.plist.xml; path = Info.plist; sourceTree = "<group>"; };
		33887850241F038A00266BFB /* main.m */ = {isa = PBXFileReference; lastKnownFileType = sourcecode.c.objc; path = main.m; sourceTree = "<group>"; };
		33887858241F048F00266BFB /* AViewController.m */ = {isa = PBXFileReference; fileEncoding = 4; lastKnownFileType = sourcecode.c.objc; path = AViewController.m; sourceTree = "<group>"; };
		33887859241F048F00266BFB /* AViewController.h */ = {isa = PBXFileReference; fileEncoding = 4; lastKnownFileType = sourcecode.c.h; path = AViewController.h; sourceTree = "<group>"; };
/* End PBXFileReference section */

/* Begin PBXFrameworksBuildPhase section */
		33887838241F038700266BFB /* Frameworks */ = {
			isa = PBXFrameworksBuildPhase;
			buildActionMask = 2147483647;
			files = (
			);
			runOnlyForDeploymentPostprocessing = 0;
		};
/* End PBXFrameworksBuildPhase section */

/* Begin PBXGroup section */
		33887832241F038600266BFB = {
			isa = PBXGroup;
			children = (
				3388783D241F038700266BFB /* A_section */,
				3388783C241F038700266BFB /* Products */,
			);
			sourceTree = "<group>";
		};
		3388783C241F038700266BFB /* Products */ = {
			isa = PBXGroup;
			children = (
				3388783B241F038700266BFB /* A_section.app */,
			);
			name = Products;
			sourceTree = "<group>";
		};
		3388783D241F038700266BFB /* A_section */ = {
			isa = PBXGroup;
			children = (
				33887857241F048F00266BFB /* AViewController */,
				3388783E241F038700266BFB /* AppDelegate.h */,
				3388783F241F038700266BFB /* AppDelegate.m */,
				33887841241F038700266BFB /* SceneDelegate.h */,
				33887842241F038700266BFB /* SceneDelegate.m */,
				33887844241F038700266BFB /* ViewController.h */,
				33887845241F038700266BFB /* ViewController.m */,
				33887847241F038700266BFB /* Main.storyboard */,
				3388784A241F038A00266BFB /* Assets.xcassets */,
				3388784C241F038A00266BFB /* LaunchScreen.storyboard */,
				3388784F241F038A00266BFB /* Info.plist */,
				33887850241F038A00266BFB /* main.m */,
			);
			path = A_section;
			sourceTree = "<group>";
		};
		33887857241F048F00266BFB /* AViewController */ = {
			isa = PBXGroup;
			children = (
				33887858241F048F00266BFB /* AViewController.m */,
				33887859241F048F00266BFB /* AViewController.h */,
			);
			path = AViewController;
			sourceTree = "<group>";
		};
/* End PBXGroup section */

/* Begin PBXNativeTarget section */
		3388783A241F038700266BFB /* A_section */ = {
			isa = PBXNativeTarget;
			buildConfigurationList = 33887854241F038A00266BFB /* Build configuration list for PBXNativeTarget "A_section" */;
			buildPhases = (
				33887837241F038700266BFB /* Sources */,
				33887838241F038700266BFB /* Frameworks */,
				33887839241F038700266BFB /* Resources */,
			);
			buildRules = (
			);
			dependencies = (
			);
			name = A_section;
			productName = A_section;
			productReference = 3388783B241F038700266BFB /* A_section.app */;
			productType = "com.apple.product-type.application";
		};
/* End PBXNativeTarget section */

/* Begin PBXProject section */
		33887833241F038600266BFB /* Project object */ = {
			isa = PBXProject;
			attributes = {
				LastUpgradeCheck = 1130;
				ORGANIZATIONNAME = LS;
				TargetAttributes = {
					3388783A241F038700266BFB = {
						CreatedOnToolsVersion = 11.3.1;
					};
				};
			};
			buildConfigurationList = 33887836241F038600266BFB /* Build configuration list for PBXProject "A_section" */;
			compatibilityVersion = "Xcode 9.3";
			developmentRegion = en;
			hasScannedForEncodings = 0;
			knownRegions = (
				en,
				Base,
			);
			mainGroup = 33887832241F038600266BFB;
			productRefGroup = 3388783C241F038700266BFB /* Products */;
			projectDirPath = "";
			projectRoot = "";
			targets = (
				3388783A241F038700266BFB /* A_section */,
			);
		};
/* End PBXProject section */

/* Begin PBXResourcesBuildPhase section */
		33887839241F038700266BFB /* Resources */ = {
			isa = PBXResourcesBuildPhase;
			buildActionMask = 2147483647;
			files = (
				3388784E241F038A00266BFB /* LaunchScreen.storyboard in Resources */,
				3388784B241F038A00266BFB /* Assets.xcassets in Resources */,
				33887849241F038700266BFB /* Main.storyboard in Resources */,
			);
			runOnlyForDeploymentPostprocessing = 0;
		};
/* End PBXResourcesBuildPhase section */

/* Begin PBXSourcesBuildPhase section */
		33887837241F038700266BFB /* Sources */ = {
			isa = PBXSourcesBuildPhase;
			buildActionMask = 2147483647;
			files = (
				33887846241F038700266BFB /* ViewController.m in Sources */,
				3388785A241F048F00266BFB /* AViewController.m in Sources */,
				33887840241F038700266BFB /* AppDelegate.m in Sources */,
				33887851241F038A00266BFB /* main.m in Sources */,
				33887843241F038700266BFB /* SceneDelegate.m in Sources */,
			);
			runOnlyForDeploymentPostprocessing = 0;
		};
/* End PBXSourcesBuildPhase section */

/* Begin PBXVariantGroup section */
		33887847241F038700266BFB /* Main.storyboard */ = {
			isa = PBXVariantGroup;
			children = (
				33887848241F038700266BFB /* Base */,
			);
			name = Main.storyboard;
			sourceTree = "<group>";
		};
		3388784C241F038A00266BFB /* LaunchScreen.storyboard */ = {
			isa = PBXVariantGroup;
			children = (
				3388784D241F038A00266BFB /* Base */,
			);
			name = LaunchScreen.storyboard;
			sourceTree = "<group>";
		};
/* End PBXVariantGroup section */

/* Begin XCBuildConfiguration section */
		33887852241F038A00266BFB /* Debug */ = {
			isa = XCBuildConfiguration;
			buildSettings = {
				ALWAYS_SEARCH_USER_PATHS = NO;
				CLANG_ANALYZER_NONNULL = YES;
				CLANG_ANALYZER_NUMBER_OBJECT_CONVERSION = YES_AGGRESSIVE;
				CLANG_CXX_LANGUAGE_STANDARD = "gnu++14";
				CLANG_CXX_LIBRARY = "libc++";
				CLANG_ENABLE_MODULES = YES;
				CLANG_ENABLE_OBJC_ARC = YES;
				CLANG_ENABLE_OBJC_WEAK = YES;
				CLANG_WARN_BLOCK_CAPTURE_AUTORELEASING = YES;
				CLANG_WARN_BOOL_CONVERSION = YES;
				CLANG_WARN_COMMA = YES;
				CLANG_WARN_CONSTANT_CONVERSION = YES;
				CLANG_WARN_DEPRECATED_OBJC_IMPLEMENTATIONS = YES;
				CLANG_WARN_DIRECT_OBJC_ISA_USAGE = YES_ERROR;
				CLANG_WARN_DOCUMENTATION_COMMENTS = YES;
				CLANG_WARN_EMPTY_BODY = YES;
				CLANG_WARN_ENUM_CONVERSION = YES;
				CLANG_WARN_INFINITE_RECURSION = YES;
				CLANG_WARN_INT_CONVERSION = YES;
				CLANG_WARN_NON_LITERAL_NULL_CONVERSION = YES;
				CLANG_WARN_OBJC_IMPLICIT_RETAIN_SELF = YES;
				CLANG_WARN_OBJC_LITERAL_CONVERSION = YES;
				CLANG_WARN_OBJC_ROOT_CLASS = YES_ERROR;
				CLANG_WARN_RANGE_LOOP_ANALYSIS = YES;
				CLANG_WARN_STRICT_PROTOTYPES = YES;
				CLANG_WARN_SUSPICIOUS_MOVE = YES;
				CLANG_WARN_UNGUARDED_AVAILABILITY = YES_AGGRESSIVE;
				CLANG_WARN_UNREACHABLE_CODE = YES;
				CLANG_WARN__DUPLICATE_METHOD_MATCH = YES;
				COPY_PHASE_STRIP = NO;
				DEBUG_INFORMATION_FORMAT = dwarf;
				ENABLE_STRICT_OBJC_MSGSEND = YES;
				ENABLE_TESTABILITY = YES;
				GCC_C_LANGUAGE_STANDARD = gnu11;
				GCC_DYNAMIC_NO_PIC = NO;
				GCC_NO_COMMON_BLOCKS = YES;
				GCC_OPTIMIZATION_LEVEL = 0;
				GCC_PREPROCESSOR_DEFINITIONS = (
					"DEBUG=1",
					"$(inherited)",
				);
				GCC_WARN_64_TO_32_BIT_CONVERSION = YES;
				GCC_WARN_ABOUT_RETURN_TYPE = YES_ERROR;
				GCC_WARN_UNDECLARED_SELECTOR = YES;
				GCC_WARN_UNINITIALIZED_AUTOS = YES_AGGRESSIVE;
				GCC_WARN_UNUSED_FUNCTION = YES;
				GCC_WARN_UNUSED_VARIABLE = YES;
				IPHONEOS_DEPLOYMENT_TARGET = 13.2;
				MTL_ENABLE_DEBUG_INFO = INCLUDE_SOURCE;
				MTL_FAST_MATH = YES;
				ONLY_ACTIVE_ARCH = YES;
				SDKROOT = iphoneos;
			};
			name = Debug;
		};
		33887853241F038A00266BFB /* Release */ = {
			isa = XCBuildConfiguration;
			buildSettings = {
				ALWAYS_SEARCH_USER_PATHS = NO;
				CLANG_ANALYZER_NONNULL = YES;
				CLANG_ANALYZER_NUMBER_OBJECT_CONVERSION = YES_AGGRESSIVE;
				CLANG_CXX_LANGUAGE_STANDARD = "gnu++14";
				CLANG_CXX_LIBRARY = "libc++";
				CLANG_ENABLE_MODULES = YES;
				CLANG_ENABLE_OBJC_ARC = YES;
				CLANG_ENABLE_OBJC_WEAK = YES;
				CLANG_WARN_BLOCK_CAPTURE_AUTORELEASING = YES;
				CLANG_WARN_BOOL_CONVERSION = YES;
				CLANG_WARN_COMMA = YES;
				CLANG_WARN_CONSTANT_CONVERSION = YES;
				CLANG_WARN_DEPRECATED_OBJC_IMPLEMENTATIONS = YES;
				CLANG_WARN_DIRECT_OBJC_ISA_USAGE = YES_ERROR;
				CLANG_WARN_DOCUMENTATION_COMMENTS = YES;
				CLANG_WARN_EMPTY_BODY = YES;
				CLANG_WARN_ENUM_CONVERSION = YES;
				CLANG_WARN_INFINITE_RECURSION = YES;
				CLANG_WARN_INT_CONVERSION = YES;
				CLANG_WARN_NON_LITERAL_NULL_CONVERSION = YES;
				CLANG_WARN_OBJC_IMPLICIT_RETAIN_SELF = YES;
				CLANG_WARN_OBJC_LITERAL_CONVERSION = YES;
				CLANG_WARN_OBJC_ROOT_CLASS = YES_ERROR;
				CLANG_WARN_RANGE_LOOP_ANALYSIS = YES;
				CLANG_WARN_STRICT_PROTOTYPES = YES;
				CLANG_WARN_SUSPICIOUS_MOVE = YES;
				CLANG_WARN_UNGUARDED_AVAILABILITY = YES_AGGRESSIVE;
				CLANG_WARN_UNREACHABLE_CODE = YES;
				CLANG_WARN__DUPLICATE_METHOD_MATCH = YES;
				COPY_PHASE_STRIP = NO;
				DEBUG_INFORMATION_FORMAT = "dwarf-with-dsym";
				ENABLE_NS_ASSERTIONS = NO;
				ENABLE_STRICT_OBJC_MSGSEND = YES;
				GCC_C_LANGUAGE_STANDARD = gnu11;
				GCC_NO_COMMON_BLOCKS = YES;
				GCC_WARN_64_TO_32_BIT_CONVERSION = YES;
				GCC_WARN_ABOUT_RETURN_TYPE = YES_ERROR;
				GCC_WARN_UNDECLARED_SELECTOR = YES;
				GCC_WARN_UNINITIALIZED_AUTOS = YES_AGGRESSIVE;
				GCC_WARN_UNUSED_FUNCTION = YES;
				GCC_WARN_UNUSED_VARIABLE = YES;
				IPHONEOS_DEPLOYMENT_TARGET = 13.2;
				MTL_ENABLE_DEBUG_INFO = NO;
				MTL_FAST_MATH = YES;
				SDKROOT = iphoneos;
				VALIDATE_PRODUCT = YES;
			};
			name = Release;
		};
		33887855241F038A00266BFB /* Debug */ = {
			isa = XCBuildConfiguration;
			buildSettings = {
				ASSETCATALOG_COMPILER_APPICON_NAME = AppIcon;
				CODE_SIGN_STYLE = Automatic;
				DEVELOPMENT_TEAM = 45WLD56GEK;
				INFOPLIST_FILE = A_section/Info.plist;
				LD_RUNPATH_SEARCH_PATHS = (
					"$(inherited)",
					"@executable_path/Frameworks",
				);
				PRODUCT_BUNDLE_IDENTIFIER = "com.lyy.youyixuan.com.A-section";
				PRODUCT_NAME = "$(TARGET_NAME)";
				TARGETED_DEVICE_FAMILY = "1,2";
			};
			name = Debug;
		};
		33887856241F038A00266BFB /* Release */ = {
			isa = XCBuildConfiguration;
			buildSettings = {
				ASSETCATALOG_COMPILER_APPICON_NAME = AppIcon;
				CODE_SIGN_STYLE = Automatic;
				DEVELOPMENT_TEAM = 45WLD56GEK;
				INFOPLIST_FILE = A_section/Info.plist;
				LD_RUNPATH_SEARCH_PATHS = (
					"$(inherited)",
					"@executable_path/Frameworks",
				);
				PRODUCT_BUNDLE_IDENTIFIER = "com.lyy.youyixuan.com.A-section";
				PRODUCT_NAME = "$(TARGET_NAME)";
				TARGETED_DEVICE_FAMILY = "1,2";
			};
			name = Release;
		};
/* End XCBuildConfiguration section */

/* Begin XCConfigurationList section */
		33887836241F038600266BFB /* Build configuration list for PBXProject "A_section" */ = {
			isa = XCConfigurationList;
			buildConfigurations = (
				33887852241F038A00266BFB /* Debug */,
				33887853241F038A00266BFB /* Release */,
			);
			defaultConfigurationIsVisible = 0;
			defaultConfigurationName = Release;
		};
		33887854241F038A00266BFB /* Build configuration list for PBXNativeTarget "A_section" */ = {
			isa = XCConfigurationList;
			buildConfigurations = (
				33887855241F038A00266BFB /* Debug */,
				33887856241F038A00266BFB /* Release */,
			);
			defaultConfigurationIsVisible = 0;
			defaultConfigurationName = Release;
		};
/* End XCConfigurationList section */
	};
	rootObject = 33887833241F038600266BFB /* Project object */;
}
